// !$*UTF8*$!
{
	archiveVersion = 1;
	classes = {
	};
	objectVersion = 56;
	objects = {

/* Begin PBXBuildFile section */
		3C3F6ABA2BF24C170082BDB7 /* landmarkData.json in Resources */ = {isa = PBXBuildFile; fileRef = 3C3F6AB92BF24C170082BDB7 /* landmarkData.json */; };
		3C3F6ABC2BF24C310082BDB7 /* Landmark.swift in Sources */ = {isa = PBXBuildFile; fileRef = 3C3F6ABB2BF24C310082BDB7 /* Landmark.swift */; };
		3C3F6ABE2BF24D9D0082BDB7 /* ModelData.swift in Sources */ = {isa = PBXBuildFile; fileRef = 3C3F6ABD2BF24D9D0082BDB7 /* ModelData.swift */; };
		3C3F6AC32BF2509D0082BDB7 /* LandmarkRow.swift in Sources */ = {isa = PBXBuildFile; fileRef = 3C3F6AC22BF2509D0082BDB7 /* LandmarkRow.swift */; };
		3C3F6AC52BF252B70082BDB7 /* LandmarkList.swift in Sources */ = {isa = PBXBuildFile; fileRef = 3C3F6AC42BF252B70082BDB7 /* LandmarkList.swift */; };
		3C3F6AC72BF253C50082BDB7 /* LandmarkDetail.swift in Sources */ = {isa = PBXBuildFile; fileRef = 3C3F6AC62BF253C50082BDB7 /* LandmarkDetail.swift */; };
		3C4647F52C487A0200B914D3 /* landmarkData.json in Resources */ = {isa = PBXBuildFile; fileRef = 3C3F6AB92BF24C170082BDB7 /* landmarkData.json */; };
		3C4647F62C487A1300B914D3 /* hikeData.json in Resources */ = {isa = PBXBuildFile; fileRef = 3CC6143F2C334C1C0083F69A /* hikeData.json */; };
		3C4647F82C487C1200B914D3 /* LandmarkList.swift in Sources */ = {isa = PBXBuildFile; fileRef = 3C4647F72C487C1200B914D3 /* LandmarkList.swift */; };
		3C4D81C42C2CA77F00133497 /* FavoriteButton.swift in Sources */ = {isa = PBXBuildFile; fileRef = 3C4D81C32C2CA77F00133497 /* FavoriteButton.swift */; };
		3C5E30222BEA96C6004BAB1C /* CircleImage.swift in Sources */ = {isa = PBXBuildFile; fileRef = 3C5E30212BEA96C6004BAB1C /* CircleImage.swift */; };
		3C5E30242BEA9914004BAB1C /* MapView.swift in Sources */ = {isa = PBXBuildFile; fileRef = 3C5E30232BEA9914004BAB1C /* MapView.swift */; };
		3C61D25E2BE9420E0096C8DA /* LandmarksApp.swift in Sources */ = {isa = PBXBuildFile; fileRef = 3C61D25D2BE9420E0096C8DA /* LandmarksApp.swift */; };
		3C61D2602BE9420E0096C8DA /* ContentView.swift in Sources */ = {isa = PBXBuildFile; fileRef = 3C61D25F2BE9420E0096C8DA /* ContentView.swift */; };
		3C61D2622BE942100096C8DA /* Assets.xcassets in Resources */ = {isa = PBXBuildFile; fileRef = 3C61D2612BE942100096C8DA /* Assets.xcassets */; };
		3C61D2652BE942100096C8DA /* Preview Assets.xcassets in Resources */ = {isa = PBXBuildFile; fileRef = 3C61D2642BE942100096C8DA /* Preview Assets.xcassets */; };
		3C6224372C487296008444BD /* ContentView.swift in Sources */ = {isa = PBXBuildFile; fileRef = 3C6224362C487296008444BD /* ContentView.swift */; };
		3C6224392C487297008444BD /* Assets.xcassets in Resources */ = {isa = PBXBuildFile; fileRef = 3C6224382C487297008444BD /* Assets.xcassets */; };
		3C62243C2C487297008444BD /* Preview Assets.xcassets in Resources */ = {isa = PBXBuildFile; fileRef = 3C62243B2C487297008444BD /* Preview Assets.xcassets */; };
		3C6224412C4872F9008444BD /* Assets.xcassets in Resources */ = {isa = PBXBuildFile; fileRef = 3C61D2612BE942100096C8DA /* Assets.xcassets */; };
		3C6224422C4872F9008444BD /* Profile.swift in Sources */ = {isa = PBXBuildFile; fileRef = 3CC614532C34A7D20083F69A /* Profile.swift */; };
		3C6224432C4872F9008444BD /* FavoriteButton.swift in Sources */ = {isa = PBXBuildFile; fileRef = 3C4D81C32C2CA77F00133497 /* FavoriteButton.swift */; };
		3C6224442C4872F9008444BD /* CircleImage.swift in Sources */ = {isa = PBXBuildFile; fileRef = 3C5E30212BEA96C6004BAB1C /* CircleImage.swift */; };
		3C6224452C4872F9008444BD /* LandmarkRow.swift in Sources */ = {isa = PBXBuildFile; fileRef = 3C3F6AC22BF2509D0082BDB7 /* LandmarkRow.swift */; };
		3C6224462C4872F9008444BD /* LandmarkList.swift in Sources */ = {isa = PBXBuildFile; fileRef = 3C3F6AC42BF252B70082BDB7 /* LandmarkList.swift */; };
		3C6224472C4872F9008444BD /* MapView.swift in Sources */ = {isa = PBXBuildFile; fileRef = 3C5E30232BEA9914004BAB1C /* MapView.swift */; };
		3C6224482C4872F9008444BD /* LandmarksApp.swift in Sources */ = {isa = PBXBuildFile; fileRef = 3C61D25D2BE9420E0096C8DA /* LandmarksApp.swift */; };
		3C6224492C4872F9008444BD /* Landmark.swift in Sources */ = {isa = PBXBuildFile; fileRef = 3C3F6ABB2BF24C310082BDB7 /* Landmark.swift */; };
		3C62244A2C4872F9008444BD /* Hike.swift in Sources */ = {isa = PBXBuildFile; fileRef = 3CC614412C334C310083F69A /* Hike.swift */; };
		3C62244B2C4872F9008444BD /* ModelData.swift in Sources */ = {isa = PBXBuildFile; fileRef = 3C3F6ABD2BF24D9D0082BDB7 /* ModelData.swift */; };
		3C62244D2C487429008444BD /* LandmarkDetail.swift in Sources */ = {isa = PBXBuildFile; fileRef = 3C62244C2C487429008444BD /* LandmarkDetail.swift */; };
		3C6472AA2C2CAA7500E54AD2 /* HexagonParameters.swift in Sources */ = {isa = PBXBuildFile; fileRef = 3C6472A92C2CAA7500E54AD2 /* HexagonParameters.swift */; };
		3C6472AC2C2CAC1B00E54AD2 /* BadgeBackground.swift in Sources */ = {isa = PBXBuildFile; fileRef = 3C6472AB2C2CAC1B00E54AD2 /* BadgeBackground.swift */; };
		3C678EBD2C3C945A0041E1FC /* PageViewController.swift in Sources */ = {isa = PBXBuildFile; fileRef = 3C678EBC2C3C945A0041E1FC /* PageViewController.swift */; };
		3C678EBF2C3C98C20041E1FC /* FeatureCard.swift in Sources */ = {isa = PBXBuildFile; fileRef = 3C678EBE2C3C98C20041E1FC /* FeatureCard.swift */; };
		3C678EC12C3C99FB0041E1FC /* PageView.swift in Sources */ = {isa = PBXBuildFile; fileRef = 3C678EC02C3C99FB0041E1FC /* PageView.swift */; };
		3C678EC32C3CAA4C0041E1FC /* PageControl.swift in Sources */ = {isa = PBXBuildFile; fileRef = 3C678EC22C3CAA4C0041E1FC /* PageControl.swift */; };
		3C678ECD2C3CB0010041E1FC /* ContentView.swift in Sources */ = {isa = PBXBuildFile; fileRef = 3C678ECC2C3CB0010041E1FC /* ContentView.swift */; };
		3C678ECF2C3CB0030041E1FC /* Assets.xcassets in Resources */ = {isa = PBXBuildFile; fileRef = 3C678ECE2C3CB0030041E1FC /* Assets.xcassets */; };
		3C678ED22C3CB0030041E1FC /* Preview Assets.xcassets in Resources */ = {isa = PBXBuildFile; fileRef = 3C678ED12C3CB0030041E1FC /* Preview Assets.xcassets */; };
		3C678ED52C3CB0030041E1FC /* WatchLandmarks Watch App.app in Embed Watch Content */ = {isa = PBXBuildFile; fileRef = 3C678EC82C3CB0010041E1FC /* WatchLandmarks Watch App.app */; settings = {ATTRIBUTES = (RemoveHeadersOnCopy, ); }; };
		3C678EDA2C3CB0FB0041E1FC /* MapView.swift in Sources */ = {isa = PBXBuildFile; fileRef = 3C5E30232BEA9914004BAB1C /* MapView.swift */; };
		3C678EDB2C3CB0FB0041E1FC /* CircleImage.swift in Sources */ = {isa = PBXBuildFile; fileRef = 3C5E30212BEA96C6004BAB1C /* CircleImage.swift */; };
		3C678EDD2C3CB0FB0041E1FC /* ModelData.swift in Sources */ = {isa = PBXBuildFile; fileRef = 3C3F6ABD2BF24D9D0082BDB7 /* ModelData.swift */; };
		3C678EDE2C3CB0FB0041E1FC /* Hike.swift in Sources */ = {isa = PBXBuildFile; fileRef = 3CC614412C334C310083F69A /* Hike.swift */; };
		3C678EDF2C3CB0FB0041E1FC /* Profile.swift in Sources */ = {isa = PBXBuildFile; fileRef = 3CC614532C34A7D20083F69A /* Profile.swift */; };
		3C678EE02C3CB0FB0041E1FC /* LandmarksApp.swift in Sources */ = {isa = PBXBuildFile; fileRef = 3C61D25D2BE9420E0096C8DA /* LandmarksApp.swift */; };
		3C678EE12C3CB0FB0041E1FC /* LandmarkRow.swift in Sources */ = {isa = PBXBuildFile; fileRef = 3C3F6AC22BF2509D0082BDB7 /* LandmarkRow.swift */; };
		3C678EE22C3CB0FB0041E1FC /* Landmark.swift in Sources */ = {isa = PBXBuildFile; fileRef = 3C3F6ABB2BF24C310082BDB7 /* Landmark.swift */; };
		3C678EE32C3CB0FB0041E1FC /* Assets.xcassets in Resources */ = {isa = PBXBuildFile; fileRef = 3C61D2612BE942100096C8DA /* Assets.xcassets */; };
		3C678EE42C3CB0FB0041E1FC /* hikeData.json in Resources */ = {isa = PBXBuildFile; fileRef = 3CC6143F2C334C1C0083F69A /* hikeData.json */; };
		3C678EE52C3CB0FB0041E1FC /* landmarkData.json in Resources */ = {isa = PBXBuildFile; fileRef = 3C3F6AB92BF24C170082BDB7 /* landmarkData.json */; };
		3C678EE72C3CB2210041E1FC /* LandmarkDetail.swift in Sources */ = {isa = PBXBuildFile; fileRef = 3C678EE62C3CB2210041E1FC /* LandmarkDetail.swift */; };
		3C678EE92C3CB6A80041E1FC /* NotificationView.swift in Sources */ = {isa = PBXBuildFile; fileRef = 3C678EE82C3CB6A80041E1FC /* NotificationView.swift */; };
		3C678EEB2C3CB6EA0041E1FC /* NotificationController.swift in Sources */ = {isa = PBXBuildFile; fileRef = 3C678EEA2C3CB6EA0041E1FC /* NotificationController.swift */; };
		3C678EED2C3CB7850041E1FC /* PushNotificationPayload.apns in Resources */ = {isa = PBXBuildFile; fileRef = 3C678EEC2C3CB7850041E1FC /* PushNotificationPayload.apns */; };
		3C6E625A2C2DAD350092E930 /* BadgeSymbol.swift in Sources */ = {isa = PBXBuildFile; fileRef = 3C6E62592C2DAD350092E930 /* BadgeSymbol.swift */; };
		3C6E625C2C2DAFEB0092E930 /* RotatedBadgeSymbol.swift in Sources */ = {isa = PBXBuildFile; fileRef = 3C6E625B2C2DAFEB0092E930 /* RotatedBadgeSymbol.swift */; };
		3C6E625E2C2DB11D0092E930 /* Badge.swift in Sources */ = {isa = PBXBuildFile; fileRef = 3C6E625D2C2DB11D0092E930 /* Badge.swift */; };
		3CC614402C334C1C0083F69A /* hikeData.json in Resources */ = {isa = PBXBuildFile; fileRef = 3CC6143F2C334C1C0083F69A /* hikeData.json */; };
		3CC614422C334C310083F69A /* Hike.swift in Sources */ = {isa = PBXBuildFile; fileRef = 3CC614412C334C310083F69A /* Hike.swift */; };
		3CC614482C334D5A0083F69A /* GraphCapsule.swift in Sources */ = {isa = PBXBuildFile; fileRef = 3CC614432C334D5A0083F69A /* GraphCapsule.swift */; };
		3CC614492C334D5A0083F69A /* HikeDetail.swift in Sources */ = {isa = PBXBuildFile; fileRef = 3CC614442C334D5A0083F69A /* HikeDetail.swift */; };
		3CC6144A2C334D5A0083F69A /* HikeGraph.swift in Sources */ = {isa = PBXBuildFile; fileRef = 3CC614452C334D5A0083F69A /* HikeGraph.swift */; };
		3CC6144B2C334D5A0083F69A /* HikeView.swift in Sources */ = {isa = PBXBuildFile; fileRef = 3CC614462C334D5A0083F69A /* HikeView.swift */; };
		3CC6144E2C335B530083F69A /* CategoryHome.swift in Sources */ = {isa = PBXBuildFile; fileRef = 3CC6144D2C335B530083F69A /* CategoryHome.swift */; };
		3CC614502C335D770083F69A /* CategoryRow.swift in Sources */ = {isa = PBXBuildFile; fileRef = 3CC6144F2C335D770083F69A /* CategoryRow.swift */; };
		3CC614522C335EC10083F69A /* CategoryItem.swift in Sources */ = {isa = PBXBuildFile; fileRef = 3CC614512C335EC10083F69A /* CategoryItem.swift */; };
		3CC614542C34A7D20083F69A /* Profile.swift in Sources */ = {isa = PBXBuildFile; fileRef = 3CC614532C34A7D20083F69A /* Profile.swift */; };
		3CC614572C34A86A0083F69A /* ProfileHost.swift in Sources */ = {isa = PBXBuildFile; fileRef = 3CC614562C34A86A0083F69A /* ProfileHost.swift */; };
		3CC614592C34A8C30083F69A /* ProfileSummary.swift in Sources */ = {isa = PBXBuildFile; fileRef = 3CC614582C34A8C30083F69A /* ProfileSummary.swift */; };
		3CC6145B2C34A97E0083F69A /* HikeBadge.swift in Sources */ = {isa = PBXBuildFile; fileRef = 3CC6145A2C34A97E0083F69A /* HikeBadge.swift */; };
		3CC6145D2C3603660083F69A /* ProfileEditor.swift in Sources */ = {isa = PBXBuildFile; fileRef = 3CC6145C2C3603660083F69A /* ProfileEditor.swift */; };
/* End PBXBuildFile section */

/* Begin PBXContainerItemProxy section */
		3C678ED32C3CB0030041E1FC /* PBXContainerItemProxy */ = {
			isa = PBXContainerItemProxy;
			containerPortal = 3C61D2522BE9420E0096C8DA /* Project object */;
			proxyType = 1;
			remoteGlobalIDString = 3C678EC72C3CB0010041E1FC;
			remoteInfo = "WatchLandmarks Watch App";
		};
/* End PBXContainerItemProxy section */

/* Begin PBXCopyFilesBuildPhase section */
		3C678ED92C3CB0030041E1FC /* Embed Watch Content */ = {
			isa = PBXCopyFilesBuildPhase;
			buildActionMask = 2147483647;
			dstPath = "$(CONTENTS_FOLDER_PATH)/Watch";
			dstSubfolderSpec = 16;
			files = (
				3C678ED52C3CB0030041E1FC /* WatchLandmarks Watch App.app in Embed Watch Content */,
			);
			name = "Embed Watch Content";
			runOnlyForDeploymentPostprocessing = 0;
		};
/* End PBXCopyFilesBuildPhase section */

/* Begin PBXFileReference section */
		3C3F6AB92BF24C170082BDB7 /* landmarkData.json */ = {isa = PBXFileReference; fileEncoding = 4; lastKnownFileType = text.json; path = landmarkData.json; sourceTree = "<group>"; };
		3C3F6ABB2BF24C310082BDB7 /* Landmark.swift */ = {isa = PBXFileReference; lastKnownFileType = sourcecode.swift; path = Landmark.swift; sourceTree = "<group>"; };
		3C3F6ABD2BF24D9D0082BDB7 /* ModelData.swift */ = {isa = PBXFileReference; lastKnownFileType = sourcecode.swift; path = ModelData.swift; sourceTree = "<group>"; };
		3C3F6AC22BF2509D0082BDB7 /* LandmarkRow.swift */ = {isa = PBXFileReference; lastKnownFileType = sourcecode.swift; path = LandmarkRow.swift; sourceTree = "<group>"; };
		3C3F6AC42BF252B70082BDB7 /* LandmarkList.swift */ = {isa = PBXFileReference; lastKnownFileType = sourcecode.swift; path = LandmarkList.swift; sourceTree = "<group>"; };
		3C3F6AC62BF253C50082BDB7 /* LandmarkDetail.swift */ = {isa = PBXFileReference; lastKnownFileType = sourcecode.swift; path = LandmarkDetail.swift; sourceTree = "<group>"; };
		3C4647F72C487C1200B914D3 /* LandmarkList.swift */ = {isa = PBXFileReference; lastKnownFileType = sourcecode.swift; path = LandmarkList.swift; sourceTree = "<group>"; };
		3C4D81C32C2CA77F00133497 /* FavoriteButton.swift */ = {isa = PBXFileReference; lastKnownFileType = sourcecode.swift; path = FavoriteButton.swift; sourceTree = "<group>"; };
		3C5E30212BEA96C6004BAB1C /* CircleImage.swift */ = {isa = PBXFileReference; lastKnownFileType = sourcecode.swift; path = CircleImage.swift; sourceTree = "<group>"; };
		3C5E30232BEA9914004BAB1C /* MapView.swift */ = {isa = PBXFileReference; lastKnownFileType = sourcecode.swift; path = MapView.swift; sourceTree = "<group>"; };
		3C61D25A2BE9420E0096C8DA /* Landmarks.app */ = {isa = PBXFileReference; explicitFileType = wrapper.application; includeInIndex = 0; path = Landmarks.app; sourceTree = BUILT_PRODUCTS_DIR; };
		3C61D25D2BE9420E0096C8DA /* LandmarksApp.swift */ = {isa = PBXFileReference; lastKnownFileType = sourcecode.swift; path = LandmarksApp.swift; sourceTree = "<group>"; };
		3C61D25F2BE9420E0096C8DA /* ContentView.swift */ = {isa = PBXFileReference; lastKnownFileType = sourcecode.swift; path = ContentView.swift; sourceTree = "<group>"; };
		3C61D2612BE942100096C8DA /* Assets.xcassets */ = {isa = PBXFileReference; lastKnownFileType = folder.assetcatalog; path = Assets.xcassets; sourceTree = "<group>"; };
		3C61D2642BE942100096C8DA /* Preview Assets.xcassets */ = {isa = PBXFileReference; lastKnownFileType = folder.assetcatalog; path = "Preview Assets.xcassets"; sourceTree = "<group>"; };
		3C6224322C487296008444BD /* MacLandmarks.app */ = {isa = PBXFileReference; explicitFileType = wrapper.application; includeInIndex = 0; path = MacLandmarks.app; sourceTree = BUILT_PRODUCTS_DIR; };
		3C6224362C487296008444BD /* ContentView.swift */ = {isa = PBXFileReference; lastKnownFileType = sourcecode.swift; path = ContentView.swift; sourceTree = "<group>"; };
		3C6224382C487297008444BD /* Assets.xcassets */ = {isa = PBXFileReference; lastKnownFileType = folder.assetcatalog; path = Assets.xcassets; sourceTree = "<group>"; };
		3C62243B2C487297008444BD /* Preview Assets.xcassets */ = {isa = PBXFileReference; lastKnownFileType = folder.assetcatalog; path = "Preview Assets.xcassets"; sourceTree = "<group>"; };
		3C62243D2C487297008444BD /* MacLandmarks.entitlements */ = {isa = PBXFileReference; lastKnownFileType = text.plist.entitlements; path = MacLandmarks.entitlements; sourceTree = "<group>"; };
		3C62244C2C487429008444BD /* LandmarkDetail.swift */ = {isa = PBXFileReference; lastKnownFileType = sourcecode.swift; path = LandmarkDetail.swift; sourceTree = "<group>"; };
		3C6472A92C2CAA7500E54AD2 /* HexagonParameters.swift */ = {isa = PBXFileReference; lastKnownFileType = sourcecode.swift; path = HexagonParameters.swift; sourceTree = "<group>"; };
		3C6472AB2C2CAC1B00E54AD2 /* BadgeBackground.swift */ = {isa = PBXFileReference; lastKnownFileType = sourcecode.swift; path = BadgeBackground.swift; sourceTree = "<group>"; };
		3C678EBC2C3C945A0041E1FC /* PageViewController.swift */ = {isa = PBXFileReference; lastKnownFileType = sourcecode.swift; path = PageViewController.swift; sourceTree = "<group>"; };
		3C678EBE2C3C98C20041E1FC /* FeatureCard.swift */ = {isa = PBXFileReference; lastKnownFileType = sourcecode.swift; path = FeatureCard.swift; sourceTree = "<group>"; };
		3C678EC02C3C99FB0041E1FC /* PageView.swift */ = {isa = PBXFileReference; lastKnownFileType = sourcecode.swift; path = PageView.swift; sourceTree = "<group>"; };
		3C678EC22C3CAA4C0041E1FC /* PageControl.swift */ = {isa = PBXFileReference; lastKnownFileType = sourcecode.swift; path = PageControl.swift; sourceTree = "<group>"; };
		3C678EC82C3CB0010041E1FC /* WatchLandmarks Watch App.app */ = {isa = PBXFileReference; explicitFileType = wrapper.application; includeInIndex = 0; path = "WatchLandmarks Watch App.app"; sourceTree = BUILT_PRODUCTS_DIR; };
		3C678ECC2C3CB0010041E1FC /* ContentView.swift */ = {isa = PBXFileReference; lastKnownFileType = sourcecode.swift; path = ContentView.swift; sourceTree = "<group>"; };
		3C678ECE2C3CB0030041E1FC /* Assets.xcassets */ = {isa = PBXFileReference; lastKnownFileType = folder.assetcatalog; path = Assets.xcassets; sourceTree = "<group>"; };
		3C678ED12C3CB0030041E1FC /* Preview Assets.xcassets */ = {isa = PBXFileReference; lastKnownFileType = folder.assetcatalog; path = "Preview Assets.xcassets"; sourceTree = "<group>"; };
		3C678EE62C3CB2210041E1FC /* LandmarkDetail.swift */ = {isa = PBXFileReference; lastKnownFileType = sourcecode.swift; path = LandmarkDetail.swift; sourceTree = "<group>"; };
		3C678EE82C3CB6A80041E1FC /* NotificationView.swift */ = {isa = PBXFileReference; lastKnownFileType = sourcecode.swift; path = NotificationView.swift; sourceTree = "<group>"; };
		3C678EEA2C3CB6EA0041E1FC /* NotificationController.swift */ = {isa = PBXFileReference; lastKnownFileType = sourcecode.swift; path = NotificationController.swift; sourceTree = "<group>"; };
		3C678EEC2C3CB7850041E1FC /* PushNotificationPayload.apns */ = {isa = PBXFileReference; lastKnownFileType = text; path = PushNotificationPayload.apns; sourceTree = "<group>"; };
		3C6E62592C2DAD350092E930 /* BadgeSymbol.swift */ = {isa = PBXFileReference; lastKnownFileType = sourcecode.swift; path = BadgeSymbol.swift; sourceTree = "<group>"; };
		3C6E625B2C2DAFEB0092E930 /* RotatedBadgeSymbol.swift */ = {isa = PBXFileReference; lastKnownFileType = sourcecode.swift; path = RotatedBadgeSymbol.swift; sourceTree = "<group>"; };
		3C6E625D2C2DB11D0092E930 /* Badge.swift */ = {isa = PBXFileReference; lastKnownFileType = sourcecode.swift; path = Badge.swift; sourceTree = "<group>"; };
		3CC6143F2C334C1C0083F69A /* hikeData.json */ = {isa = PBXFileReference; fileEncoding = 4; lastKnownFileType = text.json; path = hikeData.json; sourceTree = "<group>"; };
		3CC614412C334C310083F69A /* Hike.swift */ = {isa = PBXFileReference; lastKnownFileType = sourcecode.swift; path = Hike.swift; sourceTree = "<group>"; };
		3CC614432C334D5A0083F69A /* GraphCapsule.swift */ = {isa = PBXFileReference; fileEncoding = 4; lastKnownFileType = sourcecode.swift; path = GraphCapsule.swift; sourceTree = "<group>"; };
		3CC614442C334D5A0083F69A /* HikeDetail.swift */ = {isa = PBXFileReference; fileEncoding = 4; lastKnownFileType = sourcecode.swift; path = HikeDetail.swift; sourceTree = "<group>"; };
		3CC614452C334D5A0083F69A /* HikeGraph.swift */ = {isa = PBXFileReference; fileEncoding = 4; lastKnownFileType = sourcecode.swift; path = HikeGraph.swift; sourceTree = "<group>"; };
		3CC614462C334D5A0083F69A /* HikeView.swift */ = {isa = PBXFileReference; fileEncoding = 4; lastKnownFileType = sourcecode.swift; path = HikeView.swift; sourceTree = "<group>"; };
		3CC6144D2C335B530083F69A /* CategoryHome.swift */ = {isa = PBXFileReference; lastKnownFileType = sourcecode.swift; path = CategoryHome.swift; sourceTree = "<group>"; };
		3CC6144F2C335D770083F69A /* CategoryRow.swift */ = {isa = PBXFileReference; lastKnownFileType = sourcecode.swift; path = CategoryRow.swift; sourceTree = "<group>"; };
		3CC614512C335EC10083F69A /* CategoryItem.swift */ = {isa = PBXFileReference; lastKnownFileType = sourcecode.swift; path = CategoryItem.swift; sourceTree = "<group>"; };
		3CC614532C34A7D20083F69A /* Profile.swift */ = {isa = PBXFileReference; lastKnownFileType = sourcecode.swift; path = Profile.swift; sourceTree = "<group>"; };
		3CC614562C34A86A0083F69A /* ProfileHost.swift */ = {isa = PBXFileReference; lastKnownFileType = sourcecode.swift; path = ProfileHost.swift; sourceTree = "<group>"; };
		3CC614582C34A8C30083F69A /* ProfileSummary.swift */ = {isa = PBXFileReference; lastKnownFileType = sourcecode.swift; path = ProfileSummary.swift; sourceTree = "<group>"; };
		3CC6145A2C34A97E0083F69A /* HikeBadge.swift */ = {isa = PBXFileReference; lastKnownFileType = sourcecode.swift; path = HikeBadge.swift; sourceTree = "<group>"; };
		3CC6145C2C3603660083F69A /* ProfileEditor.swift */ = {isa = PBXFileReference; lastKnownFileType = sourcecode.swift; path = ProfileEditor.swift; sourceTree = "<group>"; };
/* End PBXFileReference section */

/* Begin PBXFrameworksBuildPhase section */
		3C61D2572BE9420E0096C8DA /* Frameworks */ = {
			isa = PBXFrameworksBuildPhase;
			buildActionMask = 2147483647;
			files = (
			);
			runOnlyForDeploymentPostprocessing = 0;
		};
		3C62242F2C487296008444BD /* Frameworks */ = {
			isa = PBXFrameworksBuildPhase;
			buildActionMask = 2147483647;
			files = (
			);
			runOnlyForDeploymentPostprocessing = 0;
		};
		3C678EC52C3CB0010041E1FC /* Frameworks */ = {
			isa = PBXFrameworksBuildPhase;
			buildActionMask = 2147483647;
			files = (
			);
			runOnlyForDeploymentPostprocessing = 0;
		};
/* End PBXFrameworksBuildPhase section */

/* Begin PBXGroup section */
		3C3F6ABF2BF24FDE0082BDB7 /* Views */ = {
			isa = PBXGroup;
			children = (
				3C61D25F2BE9420E0096C8DA /* ContentView.swift */,
				3C678EBB2C3C94440041E1FC /* PageView */,
				3CC614552C34A85E0083F69A /* Profiles */,
				3CC6144C2C335B410083F69A /* Categories */,
				3CC614472C334D5A0083F69A /* Hikes */,
				3C6E625F2C2DB28B0092E930 /* Badges */,
				3C4D81C52C2CA87900133497 /* Landmarks */,
				3C4D81C62C2CA88800133497 /* Helper */,
			);
			path = Views;
			sourceTree = "<group>";
		};
		3C3F6AC02BF24FEA0082BDB7 /* Model */ = {
			isa = PBXGroup;
			children = (
				3CC614412C334C310083F69A /* Hike.swift */,
				3C3F6ABB2BF24C310082BDB7 /* Landmark.swift */,
				3C3F6ABD2BF24D9D0082BDB7 /* ModelData.swift */,
				3CC614532C34A7D20083F69A /* Profile.swift */,
			);
			path = Model;
			sourceTree = "<group>";
		};
		3C3F6AC12BF24FF20082BDB7 /* Resources */ = {
			isa = PBXGroup;
			children = (
				3CC6143F2C334C1C0083F69A /* hikeData.json */,
				3C3F6AB92BF24C170082BDB7 /* landmarkData.json */,
			);
			path = Resources;
			sourceTree = "<group>";
		};
		3C4D81C52C2CA87900133497 /* Landmarks */ = {
			isa = PBXGroup;
			children = (
				3C3F6AC22BF2509D0082BDB7 /* LandmarkRow.swift */,
				3C3F6AC42BF252B70082BDB7 /* LandmarkList.swift */,
				3C3F6AC62BF253C50082BDB7 /* LandmarkDetail.swift */,
			);
			path = Landmarks;
			sourceTree = "<group>";
		};
		3C4D81C62C2CA88800133497 /* Helper */ = {
			isa = PBXGroup;
			children = (
				3C5E30212BEA96C6004BAB1C /* CircleImage.swift */,
				3C5E30232BEA9914004BAB1C /* MapView.swift */,
				3C4D81C32C2CA77F00133497 /* FavoriteButton.swift */,
			);
			path = Helper;
			sourceTree = "<group>";
		};
		3C61D2512BE9420E0096C8DA = {
			isa = PBXGroup;
			children = (
				3C61D25C2BE9420E0096C8DA /* Landmarks */,
				3C678EC92C3CB0010041E1FC /* WatchLandmarks Watch App */,
				3C6224332C487296008444BD /* MacLandmarks */,
				3C61D25B2BE9420E0096C8DA /* Products */,
			);
			sourceTree = "<group>";
		};
		3C61D25B2BE9420E0096C8DA /* Products */ = {
			isa = PBXGroup;
			children = (
				3C61D25A2BE9420E0096C8DA /* Landmarks.app */,
				3C678EC82C3CB0010041E1FC /* WatchLandmarks Watch App.app */,
				3C6224322C487296008444BD /* MacLandmarks.app */,
			);
			name = Products;
			sourceTree = "<group>";
		};
		3C61D25C2BE9420E0096C8DA /* Landmarks */ = {
			isa = PBXGroup;
			children = (
				3C61D25D2BE9420E0096C8DA /* LandmarksApp.swift */,
				3C3F6ABF2BF24FDE0082BDB7 /* Views */,
				3C3F6AC02BF24FEA0082BDB7 /* Model */,
				3C3F6AC12BF24FF20082BDB7 /* Resources */,
				3C61D2612BE942100096C8DA /* Assets.xcassets */,
				3C61D2632BE942100096C8DA /* Preview Content */,
			);
			path = Landmarks;
			sourceTree = "<group>";
		};
		3C61D2632BE942100096C8DA /* Preview Content */ = {
			isa = PBXGroup;
			children = (
				3C61D2642BE942100096C8DA /* Preview Assets.xcassets */,
			);
			path = "Preview Content";
			sourceTree = "<group>";
		};
		3C6224332C487296008444BD /* MacLandmarks */ = {
			isa = PBXGroup;
			children = (
				3C6224362C487296008444BD /* ContentView.swift */,
				3C62244C2C487429008444BD /* LandmarkDetail.swift */,
				3C6224382C487297008444BD /* Assets.xcassets */,
				3C62243D2C487297008444BD /* MacLandmarks.entitlements */,
				3C62243A2C487297008444BD /* Preview Content */,
			);
			path = MacLandmarks;
			sourceTree = "<group>";
		};
		3C62243A2C487297008444BD /* Preview Content */ = {
			isa = PBXGroup;
			children = (
				3C62243B2C487297008444BD /* Preview Assets.xcassets */,
			);
			path = "Preview Content";
			sourceTree = "<group>";
		};
		3C678EBB2C3C94440041E1FC /* PageView */ = {
			isa = PBXGroup;
			children = (
				3C678EBE2C3C98C20041E1FC /* FeatureCard.swift */,
				3C678EC02C3C99FB0041E1FC /* PageView.swift */,
				3C678EBC2C3C945A0041E1FC /* PageViewController.swift */,
				3C678EC22C3CAA4C0041E1FC /* PageControl.swift */,
			);
			path = PageView;
			sourceTree = "<group>";
		};
		3C678EC92C3CB0010041E1FC /* WatchLandmarks Watch App */ = {
			isa = PBXGroup;
			children = (
				3C678ECC2C3CB0010041E1FC /* ContentView.swift */,
				3C4647F72C487C1200B914D3 /* LandmarkList.swift */,
				3C678EE62C3CB2210041E1FC /* LandmarkDetail.swift */,
				3C678EE82C3CB6A80041E1FC /* NotificationView.swift */,
				3C678EEA2C3CB6EA0041E1FC /* NotificationController.swift */,
				3C678EEC2C3CB7850041E1FC /* PushNotificationPayload.apns */,
				3C678ECE2C3CB0030041E1FC /* Assets.xcassets */,
				3C678ED02C3CB0030041E1FC /* Preview Content */,
			);
			path = "WatchLandmarks Watch App";
			sourceTree = "<group>";
		};
		3C678ED02C3CB0030041E1FC /* Preview Content */ = {
			isa = PBXGroup;
			children = (
				3C678ED12C3CB0030041E1FC /* Preview Assets.xcassets */,
			);
			path = "Preview Content";
			sourceTree = "<group>";
		};
		3C6E625F2C2DB28B0092E930 /* Badges */ = {
			isa = PBXGroup;
			children = (
				3C6E625D2C2DB11D0092E930 /* Badge.swift */,
				3C6472AB2C2CAC1B00E54AD2 /* BadgeBackground.swift */,
				3C6E62592C2DAD350092E930 /* BadgeSymbol.swift */,
				3C6E625B2C2DAFEB0092E930 /* RotatedBadgeSymbol.swift */,
				3C6472A92C2CAA7500E54AD2 /* HexagonParameters.swift */,
			);
			path = Badges;
			sourceTree = "<group>";
		};
		3CC614472C334D5A0083F69A /* Hikes */ = {
			isa = PBXGroup;
			children = (
				3CC614432C334D5A0083F69A /* GraphCapsule.swift */,
				3CC614442C334D5A0083F69A /* HikeDetail.swift */,
				3CC614452C334D5A0083F69A /* HikeGraph.swift */,
				3CC614462C334D5A0083F69A /* HikeView.swift */,
				3CC6145A2C34A97E0083F69A /* HikeBadge.swift */,
			);
			path = Hikes;
			sourceTree = "<group>";
		};
		3CC6144C2C335B410083F69A /* Categories */ = {
			isa = PBXGroup;
			children = (
				3CC6144D2C335B530083F69A /* CategoryHome.swift */,
				3CC6144F2C335D770083F69A /* CategoryRow.swift */,
				3CC614512C335EC10083F69A /* CategoryItem.swift */,
			);
			path = Categories;
			sourceTree = "<group>";
		};
		3CC614552C34A85E0083F69A /* Profiles */ = {
			isa = PBXGroup;
			children = (
				3CC614562C34A86A0083F69A /* ProfileHost.swift */,
				3CC614582C34A8C30083F69A /* ProfileSummary.swift */,
				3CC6145C2C3603660083F69A /* ProfileEditor.swift */,
			);
			path = Profiles;
			sourceTree = "<group>";
		};
/* End PBXGroup section */

/* Begin PBXNativeTarget section */
		3C61D2592BE9420E0096C8DA /* Landmarks */ = {
			isa = PBXNativeTarget;
			buildConfigurationList = 3C61D2682BE942100096C8DA /* Build configuration list for PBXNativeTarget "Landmarks" */;
			buildPhases = (
				3C61D2562BE9420E0096C8DA /* Sources */,
				3C61D2572BE9420E0096C8DA /* Frameworks */,
				3C61D2582BE9420E0096C8DA /* Resources */,
				3C678ED92C3CB0030041E1FC /* Embed Watch Content */,
			);
			buildRules = (
			);
			dependencies = (
				3C678ED42C3CB0030041E1FC /* PBXTargetDependency */,
			);
			name = Landmarks;
			productName = Landmarks;
			productReference = 3C61D25A2BE9420E0096C8DA /* Landmarks.app */;
			productType = "com.apple.product-type.application";
		};
		3C6224312C487296008444BD /* MacLandmarks */ = {
			isa = PBXNativeTarget;
			buildConfigurationList = 3C6224402C487297008444BD /* Build configuration list for PBXNativeTarget "MacLandmarks" */;
			buildPhases = (
				3C62242E2C487296008444BD /* Sources */,
				3C62242F2C487296008444BD /* Frameworks */,
				3C6224302C487296008444BD /* Resources */,
			);
			buildRules = (
			);
			dependencies = (
			);
			name = MacLandmarks;
			productName = MacLandmarks;
			productReference = 3C6224322C487296008444BD /* MacLandmarks.app */;
			productType = "com.apple.product-type.application";
		};
		3C678EC72C3CB0010041E1FC /* WatchLandmarks Watch App */ = {
			isa = PBXNativeTarget;
			buildConfigurationList = 3C678ED62C3CB0030041E1FC /* Build configuration list for PBXNativeTarget "WatchLandmarks Watch App" */;
			buildPhases = (
				3C678EC42C3CB0010041E1FC /* Sources */,
				3C678EC52C3CB0010041E1FC /* Frameworks */,
				3C678EC62C3CB0010041E1FC /* Resources */,
			);
			buildRules = (
			);
			dependencies = (
			);
			name = "WatchLandmarks Watch App";
			productName = "WatchLandmarks Watch App";
			productReference = 3C678EC82C3CB0010041E1FC /* WatchLandmarks Watch App.app */;
			productType = "com.apple.product-type.application";
		};
/* End PBXNativeTarget section */

/* Begin PBXProject section */
		3C61D2522BE9420E0096C8DA /* Project object */ = {
			isa = PBXProject;
			attributes = {
				BuildIndependentTargetsInParallel = 1;
				LastSwiftUpdateCheck = 1540;
				LastUpgradeCheck = 1530;
				TargetAttributes = {
					3C61D2592BE9420E0096C8DA = {
						CreatedOnToolsVersion = 15.3;
					};
					3C6224312C487296008444BD = {
						CreatedOnToolsVersion = 15.4;
					};
					3C678EC72C3CB0010041E1FC = {
						CreatedOnToolsVersion = 15.4;
					};
				};
			};
			buildConfigurationList = 3C61D2552BE9420E0096C8DA /* Build configuration list for PBXProject "Landmarks" */;
			compatibilityVersion = "Xcode 14.0";
			developmentRegion = en;
			hasScannedForEncodings = 0;
			knownRegions = (
				en,
				Base,
			);
			mainGroup = 3C61D2512BE9420E0096C8DA;
			productRefGroup = 3C61D25B2BE9420E0096C8DA /* Products */;
			projectDirPath = "";
			projectRoot = "";
			targets = (
				3C61D2592BE9420E0096C8DA /* Landmarks */,
				3C678EC72C3CB0010041E1FC /* WatchLandmarks Watch App */,
				3C6224312C487296008444BD /* MacLandmarks */,
			);
		};
/* End PBXProject section */

/* Begin PBXResourcesBuildPhase section */
		3C61D2582BE9420E0096C8DA /* Resources */ = {
			isa = PBXResourcesBuildPhase;
			buildActionMask = 2147483647;
			files = (
				3CC614402C334C1C0083F69A /* hikeData.json in Resources */,
				3C61D2652BE942100096C8DA /* Preview Assets.xcassets in Resources */,
				3C61D2622BE942100096C8DA /* Assets.xcassets in Resources */,
				3C3F6ABA2BF24C170082BDB7 /* landmarkData.json in Resources */,
			);
			runOnlyForDeploymentPostprocessing = 0;
		};
		3C6224302C487296008444BD /* Resources */ = {
			isa = PBXResourcesBuildPhase;
			buildActionMask = 2147483647;
			files = (
				3C62243C2C487297008444BD /* Preview Assets.xcassets in Resources */,
				3C4647F52C487A0200B914D3 /* landmarkData.json in Resources */,
				3C6224412C4872F9008444BD /* Assets.xcassets in Resources */,
				3C6224392C487297008444BD /* Assets.xcassets in Resources */,
				3C4647F62C487A1300B914D3 /* hikeData.json in Resources */,
			);
			runOnlyForDeploymentPostprocessing = 0;
		};
		3C678EC62C3CB0010041E1FC /* Resources */ = {
			isa = PBXResourcesBuildPhase;
			buildActionMask = 2147483647;
			files = (
				3C678ED22C3CB0030041E1FC /* Preview Assets.xcassets in Resources */,
				3C678ECF2C3CB0030041E1FC /* Assets.xcassets in Resources */,
				3C678EE32C3CB0FB0041E1FC /* Assets.xcassets in Resources */,
				3C678EE42C3CB0FB0041E1FC /* hikeData.json in Resources */,
				3C678EE52C3CB0FB0041E1FC /* landmarkData.json in Resources */,
				3C678EED2C3CB7850041E1FC /* PushNotificationPayload.apns in Resources */,
			);
			runOnlyForDeploymentPostprocessing = 0;
		};
/* End PBXResourcesBuildPhase section */

/* Begin PBXSourcesBuildPhase section */
		3C61D2562BE9420E0096C8DA /* Sources */ = {
			isa = PBXSourcesBuildPhase;
			buildActionMask = 2147483647;
			files = (
				3CC614502C335D770083F69A /* CategoryRow.swift in Sources */,
				3CC614542C34A7D20083F69A /* Profile.swift in Sources */,
				3C61D2602BE9420E0096C8DA /* ContentView.swift in Sources */,
				3CC6144E2C335B530083F69A /* CategoryHome.swift in Sources */,
				3C678EBF2C3C98C20041E1FC /* FeatureCard.swift in Sources */,
				3C6E625E2C2DB11D0092E930 /* Badge.swift in Sources */,
				3C5E30242BEA9914004BAB1C /* MapView.swift in Sources */,
				3CC614482C334D5A0083F69A /* GraphCapsule.swift in Sources */,
				3CC6144A2C334D5A0083F69A /* HikeGraph.swift in Sources */,
				3C61D25E2BE9420E0096C8DA /* LandmarksApp.swift in Sources */,
				3C678EC32C3CAA4C0041E1FC /* PageControl.swift in Sources */,
				3C4D81C42C2CA77F00133497 /* FavoriteButton.swift in Sources */,
				3CC614522C335EC10083F69A /* CategoryItem.swift in Sources */,
				3C6472AA2C2CAA7500E54AD2 /* HexagonParameters.swift in Sources */,
				3CC614592C34A8C30083F69A /* ProfileSummary.swift in Sources */,
				3CC614422C334C310083F69A /* Hike.swift in Sources */,
				3CC614572C34A86A0083F69A /* ProfileHost.swift in Sources */,
				3C6E625C2C2DAFEB0092E930 /* RotatedBadgeSymbol.swift in Sources */,
				3C6E625A2C2DAD350092E930 /* BadgeSymbol.swift in Sources */,
				3C678EC12C3C99FB0041E1FC /* PageView.swift in Sources */,
				3C3F6AC52BF252B70082BDB7 /* LandmarkList.swift in Sources */,
				3CC6145D2C3603660083F69A /* ProfileEditor.swift in Sources */,
				3CC614492C334D5A0083F69A /* HikeDetail.swift in Sources */,
				3CC6144B2C334D5A0083F69A /* HikeView.swift in Sources */,
				3C3F6AC72BF253C50082BDB7 /* LandmarkDetail.swift in Sources */,
				3C678EBD2C3C945A0041E1FC /* PageViewController.swift in Sources */,
				3C6472AC2C2CAC1B00E54AD2 /* BadgeBackground.swift in Sources */,
				3CC6145B2C34A97E0083F69A /* HikeBadge.swift in Sources */,
				3C5E30222BEA96C6004BAB1C /* CircleImage.swift in Sources */,
				3C3F6ABC2BF24C310082BDB7 /* Landmark.swift in Sources */,
				3C3F6AC32BF2509D0082BDB7 /* LandmarkRow.swift in Sources */,
				3C3F6ABE2BF24D9D0082BDB7 /* ModelData.swift in Sources */,
			);
			runOnlyForDeploymentPostprocessing = 0;
		};
		3C62242E2C487296008444BD /* Sources */ = {
			isa = PBXSourcesBuildPhase;
			buildActionMask = 2147483647;
			files = (
				3C6224422C4872F9008444BD /* Profile.swift in Sources */,
				3C6224432C4872F9008444BD /* FavoriteButton.swift in Sources */,
				3C6224442C4872F9008444BD /* CircleImage.swift in Sources */,
				3C6224452C4872F9008444BD /* LandmarkRow.swift in Sources */,
				3C62244D2C487429008444BD /* LandmarkDetail.swift in Sources */,
				3C6224462C4872F9008444BD /* LandmarkList.swift in Sources */,
				3C6224472C4872F9008444BD /* MapView.swift in Sources */,
				3C6224482C4872F9008444BD /* LandmarksApp.swift in Sources */,
				3C6224492C4872F9008444BD /* Landmark.swift in Sources */,
				3C62244A2C4872F9008444BD /* Hike.swift in Sources */,
				3C62244B2C4872F9008444BD /* ModelData.swift in Sources */,
				3C6224372C487296008444BD /* ContentView.swift in Sources */,
			);
			runOnlyForDeploymentPostprocessing = 0;
		};
		3C678EC42C3CB0010041E1FC /* Sources */ = {
			isa = PBXSourcesBuildPhase;
			buildActionMask = 2147483647;
			files = (
				3C678ECD2C3CB0010041E1FC /* ContentView.swift in Sources */,
				3C678EDA2C3CB0FB0041E1FC /* MapView.swift in Sources */,
				3C678EDB2C3CB0FB0041E1FC /* CircleImage.swift in Sources */,
				3C678EDD2C3CB0FB0041E1FC /* ModelData.swift in Sources */,
				3C4647F82C487C1200B914D3 /* LandmarkList.swift in Sources */,
				3C678EDE2C3CB0FB0041E1FC /* Hike.swift in Sources */,
				3C678EDF2C3CB0FB0041E1FC /* Profile.swift in Sources */,
				3C678EE02C3CB0FB0041E1FC /* LandmarksApp.swift in Sources */,
				3C678EE12C3CB0FB0041E1FC /* LandmarkRow.swift in Sources */,
				3C678EEB2C3CB6EA0041E1FC /* NotificationController.swift in Sources */,
				3C678EE22C3CB0FB0041E1FC /* Landmark.swift in Sources */,
				3C678EE72C3CB2210041E1FC /* LandmarkDetail.swift in Sources */,
				3C678EE92C3CB6A80041E1FC /* NotificationView.swift in Sources */,
			);
			runOnlyForDeploymentPostprocessing = 0;
		};
/* End PBXSourcesBuildPhase section */

/* Begin PBXTargetDependency section */
		3C678ED42C3CB0030041E1FC /* PBXTargetDependency */ = {
			isa = PBXTargetDependency;
			target = 3C678EC72C3CB0010041E1FC /* WatchLandmarks Watch App */;
			targetProxy = 3C678ED32C3CB0030041E1FC /* PBXContainerItemProxy */;
		};
/* End PBXTargetDependency section */

/* Begin XCBuildConfiguration section */
		3C61D2662BE942100096C8DA /* Debug */ = {
			isa = XCBuildConfiguration;
			buildSettings = {
				ALWAYS_SEARCH_USER_PATHS = NO;
				ASSETCATALOG_COMPILER_GENERATE_SWIFT_ASSET_SYMBOL_EXTENSIONS = YES;
				CLANG_ANALYZER_NONNULL = YES;
				CLANG_ANALYZER_NUMBER_OBJECT_CONVERSION = YES_AGGRESSIVE;
				CLANG_CXX_LANGUAGE_STANDARD = "gnu++20";
				CLANG_ENABLE_MODULES = YES;
				CLANG_ENABLE_OBJC_ARC = YES;
				CLANG_ENABLE_OBJC_WEAK = YES;
				CLANG_WARN_BLOCK_CAPTURE_AUTORELEASING = YES;
				CLANG_WARN_BOOL_CONVERSION = YES;
				CLANG_WARN_COMMA = YES;
				CLANG_WARN_CONSTANT_CONVERSION = YES;
				CLANG_WARN_DEPRECATED_OBJC_IMPLEMENTATIONS = YES;
				CLANG_WARN_DIRECT_OBJC_ISA_USAGE = YES_ERROR;
				CLANG_WARN_DOCUMENTATION_COMMENTS = YES;
				CLANG_WARN_EMPTY_BODY = YES;
				CLANG_WARN_ENUM_CONVERSION = YES;
				CLANG_WARN_INFINITE_RECURSION = YES;
				CLANG_WARN_INT_CONVERSION = YES;
				CLANG_WARN_NON_LITERAL_NULL_CONVERSION = YES;
				CLANG_WARN_OBJC_IMPLICIT_RETAIN_SELF = YES;
				CLANG_WARN_OBJC_LITERAL_CONVERSION = YES;
				CLANG_WARN_OBJC_ROOT_CLASS = YES_ERROR;
				CLANG_WARN_QUOTED_INCLUDE_IN_FRAMEWORK_HEADER = YES;
				CLANG_WARN_RANGE_LOOP_ANALYSIS = YES;
				CLANG_WARN_STRICT_PROTOTYPES = YES;
				CLANG_WARN_SUSPICIOUS_MOVE = YES;
				CLANG_WARN_UNGUARDED_AVAILABILITY = YES_AGGRESSIVE;
				CLANG_WARN_UNREACHABLE_CODE = YES;
				CLANG_WARN__DUPLICATE_METHOD_MATCH = YES;
				COPY_PHASE_STRIP = NO;
				DEBUG_INFORMATION_FORMAT = dwarf;
				ENABLE_STRICT_OBJC_MSGSEND = YES;
				ENABLE_TESTABILITY = YES;
				ENABLE_USER_SCRIPT_SANDBOXING = YES;
				GCC_C_LANGUAGE_STANDARD = gnu17;
				GCC_DYNAMIC_NO_PIC = NO;
				GCC_NO_COMMON_BLOCKS = YES;
				GCC_OPTIMIZATION_LEVEL = 0;
				GCC_PREPROCESSOR_DEFINITIONS = (
					"DEBUG=1",
					"$(inherited)",
				);
				GCC_WARN_64_TO_32_BIT_CONVERSION = YES;
				GCC_WARN_ABOUT_RETURN_TYPE = YES_ERROR;
				GCC_WARN_UNDECLARED_SELECTOR = YES;
				GCC_WARN_UNINITIALIZED_AUTOS = YES_AGGRESSIVE;
				GCC_WARN_UNUSED_FUNCTION = YES;
				GCC_WARN_UNUSED_VARIABLE = YES;
				IPHONEOS_DEPLOYMENT_TARGET = 17.4;
				LOCALIZATION_PREFERS_STRING_CATALOGS = YES;
				MTL_ENABLE_DEBUG_INFO = INCLUDE_SOURCE;
				MTL_FAST_MATH = YES;
				ONLY_ACTIVE_ARCH = YES;
				SDKROOT = iphoneos;
				SWIFT_ACTIVE_COMPILATION_CONDITIONS = "DEBUG $(inherited)";
				SWIFT_OPTIMIZATION_LEVEL = "-Onone";
				WATCHOS_DEPLOYMENT_TARGET = 10.0;
			};
			name = Debug;
		};
		3C61D2672BE942100096C8DA /* Release */ = {
			isa = XCBuildConfiguration;
			buildSettings = {
				ALWAYS_SEARCH_USER_PATHS = NO;
				ASSETCATALOG_COMPILER_GENERATE_SWIFT_ASSET_SYMBOL_EXTENSIONS = YES;
				CLANG_ANALYZER_NONNULL = YES;
				CLANG_ANALYZER_NUMBER_OBJECT_CONVERSION = YES_AGGRESSIVE;
				CLANG_CXX_LANGUAGE_STANDARD = "gnu++20";
				CLANG_ENABLE_MODULES = YES;
				CLANG_ENABLE_OBJC_ARC = YES;
				CLANG_ENABLE_OBJC_WEAK = YES;
				CLANG_WARN_BLOCK_CAPTURE_AUTORELEASING = YES;
				CLANG_WARN_BOOL_CONVERSION = YES;
				CLANG_WARN_COMMA = YES;
				CLANG_WARN_CONSTANT_CONVERSION = YES;
				CLANG_WARN_DEPRECATED_OBJC_IMPLEMENTATIONS = YES;
				CLANG_WARN_DIRECT_OBJC_ISA_USAGE = YES_ERROR;
				CLANG_WARN_DOCUMENTATION_COMMENTS = YES;
				CLANG_WARN_EMPTY_BODY = YES;
				CLANG_WARN_ENUM_CONVERSION = YES;
				CLANG_WARN_INFINITE_RECURSION = YES;
				CLANG_WARN_INT_CONVERSION = YES;
				CLANG_WARN_NON_LITERAL_NULL_CONVERSION = YES;
				CLANG_WARN_OBJC_IMPLICIT_RETAIN_SELF = YES;
				CLANG_WARN_OBJC_LITERAL_CONVERSION = YES;
				CLANG_WARN_OBJC_ROOT_CLASS = YES_ERROR;
				CLANG_WARN_QUOTED_INCLUDE_IN_FRAMEWORK_HEADER = YES;
				CLANG_WARN_RANGE_LOOP_ANALYSIS = YES;
				CLANG_WARN_STRICT_PROTOTYPES = YES;
				CLANG_WARN_SUSPICIOUS_MOVE = YES;
				CLANG_WARN_UNGUARDED_AVAILABILITY = YES_AGGRESSIVE;
				CLANG_WARN_UNREACHABLE_CODE = YES;
				CLANG_WARN__DUPLICATE_METHOD_MATCH = YES;
				COPY_PHASE_STRIP = NO;
				DEBUG_INFORMATION_FORMAT = "dwarf-with-dsym";
				ENABLE_NS_ASSERTIONS = NO;
				ENABLE_STRICT_OBJC_MSGSEND = YES;
				ENABLE_USER_SCRIPT_SANDBOXING = YES;
				GCC_C_LANGUAGE_STANDARD = gnu17;
				GCC_NO_COMMON_BLOCKS = YES;
				GCC_WARN_64_TO_32_BIT_CONVERSION = YES;
				GCC_WARN_ABOUT_RETURN_TYPE = YES_ERROR;
				GCC_WARN_UNDECLARED_SELECTOR = YES;
				GCC_WARN_UNINITIALIZED_AUTOS = YES_AGGRESSIVE;
				GCC_WARN_UNUSED_FUNCTION = YES;
				GCC_WARN_UNUSED_VARIABLE = YES;
				IPHONEOS_DEPLOYMENT_TARGET = 17.4;
				LOCALIZATION_PREFERS_STRING_CATALOGS = YES;
				MTL_ENABLE_DEBUG_INFO = NO;
				MTL_FAST_MATH = YES;
				SDKROOT = iphoneos;
				SWIFT_COMPILATION_MODE = wholemodule;
				VALIDATE_PRODUCT = YES;
				WATCHOS_DEPLOYMENT_TARGET = 10.0;
			};
			name = Release;
		};
		3C61D2692BE942100096C8DA /* Debug */ = {
			isa = XCBuildConfiguration;
			buildSettings = {
				ALWAYS_EMBED_SWIFT_STANDARD_LIBRARIES = YES;
				ASSETCATALOG_COMPILER_APPICON_NAME = AppIcon;
				ASSETCATALOG_COMPILER_GLOBAL_ACCENT_COLOR_NAME = AccentColor;
				CODE_SIGN_STYLE = Automatic;
				CURRENT_PROJECT_VERSION = 1;
				DEVELOPMENT_ASSET_PATHS = "\"Landmarks/Preview Content\"";
				DEVELOPMENT_TEAM = Y25NP8JU6C;
				ENABLE_PREVIEWS = YES;
				GENERATE_INFOPLIST_FILE = YES;
				INFOPLIST_KEY_UIApplicationSceneManifest_Generation = YES;
				INFOPLIST_KEY_UIApplicationSupportsIndirectInputEvents = YES;
				INFOPLIST_KEY_UILaunchScreen_Generation = YES;
				INFOPLIST_KEY_UISupportedInterfaceOrientations_iPad = "UIInterfaceOrientationPortrait UIInterfaceOrientationPortraitUpsideDown UIInterfaceOrientationLandscapeLeft UIInterfaceOrientationLandscapeRight";
				INFOPLIST_KEY_UISupportedInterfaceOrientations_iPhone = "UIInterfaceOrientationPortrait UIInterfaceOrientationLandscapeLeft UIInterfaceOrientationLandscapeRight";
				LD_RUNPATH_SEARCH_PATHS = (
					"$(inherited)",
					"@executable_path/Frameworks",
				);
				MARKETING_VERSION = 1.0;
				PRODUCT_BUNDLE_IDENTIFIER = com.joellacerda.Landmarks;
				PRODUCT_NAME = "$(TARGET_NAME)";
				SWIFT_EMIT_LOC_STRINGS = YES;
				SWIFT_VERSION = 5.0;
				TARGETED_DEVICE_FAMILY = "1,2";
			};
			name = Debug;
		};
		3C61D26A2BE942100096C8DA /* Release */ = {
			isa = XCBuildConfiguration;
			buildSettings = {
				ALWAYS_EMBED_SWIFT_STANDARD_LIBRARIES = YES;
				ASSETCATALOG_COMPILER_APPICON_NAME = AppIcon;
				ASSETCATALOG_COMPILER_GLOBAL_ACCENT_COLOR_NAME = AccentColor;
				CODE_SIGN_STYLE = Automatic;
				CURRENT_PROJECT_VERSION = 1;
				DEVELOPMENT_ASSET_PATHS = "\"Landmarks/Preview Content\"";
				DEVELOPMENT_TEAM = Y25NP8JU6C;
				ENABLE_PREVIEWS = YES;
				GENERATE_INFOPLIST_FILE = YES;
				INFOPLIST_KEY_UIApplicationSceneManifest_Generation = YES;
				INFOPLIST_KEY_UIApplicationSupportsIndirectInputEvents = YES;
				INFOPLIST_KEY_UILaunchScreen_Generation = YES;
				INFOPLIST_KEY_UISupportedInterfaceOrientations_iPad = "UIInterfaceOrientationPortrait UIInterfaceOrientationPortraitUpsideDown UIInterfaceOrientationLandscapeLeft UIInterfaceOrientationLandscapeRight";
				INFOPLIST_KEY_UISupportedInterfaceOrientations_iPhone = "UIInterfaceOrientationPortrait UIInterfaceOrientationLandscapeLeft UIInterfaceOrientationLandscapeRight";
				LD_RUNPATH_SEARCH_PATHS = (
					"$(inherited)",
					"@executable_path/Frameworks",
				);
				MARKETING_VERSION = 1.0;
				PRODUCT_BUNDLE_IDENTIFIER = com.joellacerda.Landmarks;
				PRODUCT_NAME = "$(TARGET_NAME)";
				SWIFT_EMIT_LOC_STRINGS = YES;
				SWIFT_VERSION = 5.0;
				TARGETED_DEVICE_FAMILY = "1,2";
			};
			name = Release;
		};
		3C62243E2C487297008444BD /* Debug */ = {
			isa = XCBuildConfiguration;
			buildSettings = {
				ASSETCATALOG_COMPILER_APPICON_NAME = AppIcon;
				ASSETCATALOG_COMPILER_GLOBAL_ACCENT_COLOR_NAME = AccentColor;
				CODE_SIGN_ENTITLEMENTS = MacLandmarks/MacLandmarks.entitlements;
				CODE_SIGN_STYLE = Automatic;
				COMBINE_HIDPI_IMAGES = YES;
				CURRENT_PROJECT_VERSION = 1;
				DEVELOPMENT_ASSET_PATHS = "\"MacLandmarks/Preview Content\"";
				DEVELOPMENT_TEAM = Y25NP8JU6C;
				ENABLE_HARDENED_RUNTIME = YES;
				ENABLE_PREVIEWS = YES;
				GENERATE_INFOPLIST_FILE = YES;
				INFOPLIST_KEY_NSHumanReadableCopyright = "";
				LD_RUNPATH_SEARCH_PATHS = (
					"$(inherited)",
					"@executable_path/../Frameworks",
				);
				MACOSX_DEPLOYMENT_TARGET = 14.5;
				MARKETING_VERSION = 1.0;
				PRODUCT_BUNDLE_IDENTIFIER = com.joellacerda.MacLandmarks;
				PRODUCT_NAME = "$(TARGET_NAME)";
				SDKROOT = macosx;
				SWIFT_EMIT_LOC_STRINGS = YES;
				SWIFT_VERSION = 5.0;
			};
			name = Debug;
		};
		3C62243F2C487297008444BD /* Release */ = {
			isa = XCBuildConfiguration;
			buildSettings = {
				ASSETCATALOG_COMPILER_APPICON_NAME = AppIcon;
				ASSETCATALOG_COMPILER_GLOBAL_ACCENT_COLOR_NAME = AccentColor;
				CODE_SIGN_ENTITLEMENTS = MacLandmarks/MacLandmarks.entitlements;
				CODE_SIGN_STYLE = Automatic;
				COMBINE_HIDPI_IMAGES = YES;
				CURRENT_PROJECT_VERSION = 1;
				DEVELOPMENT_ASSET_PATHS = "\"MacLandmarks/Preview Content\"";
				DEVELOPMENT_TEAM = Y25NP8JU6C;
				ENABLE_HARDENED_RUNTIME = YES;
				ENABLE_PREVIEWS = YES;
				GENERATE_INFOPLIST_FILE = YES;
				INFOPLIST_KEY_NSHumanReadableCopyright = "";
				LD_RUNPATH_SEARCH_PATHS = (
					"$(inherited)",
					"@executable_path/../Frameworks",
				);
				MACOSX_DEPLOYMENT_TARGET = 14.5;
				MARKETING_VERSION = 1.0;
				PRODUCT_BUNDLE_IDENTIFIER = com.joellacerda.MacLandmarks;
				PRODUCT_NAME = "$(TARGET_NAME)";
				SDKROOT = macosx;
				SWIFT_EMIT_LOC_STRINGS = YES;
				SWIFT_VERSION = 5.0;
			};
			name = Release;
		};
		3C678ED72C3CB0030041E1FC /* Debug */ = {
			isa = XCBuildConfiguration;
			buildSettings = {
				ASSETCATALOG_COMPILER_APPICON_NAME = AppIcon;
				ASSETCATALOG_COMPILER_GLOBAL_ACCENT_COLOR_NAME = AccentColor;
				CODE_SIGN_STYLE = Automatic;
				CURRENT_PROJECT_VERSION = 1;
				DEVELOPMENT_ASSET_PATHS = "\"WatchLandmarks Watch App/Preview Content\"";
				DEVELOPMENT_TEAM = Y25NP8JU6C;
				ENABLE_PREVIEWS = YES;
				GENERATE_INFOPLIST_FILE = YES;
				INFOPLIST_KEY_CFBundleDisplayName = WatchLandmarks;
				INFOPLIST_KEY_UISupportedInterfaceOrientations = "UIInterfaceOrientationPortrait UIInterfaceOrientationPortraitUpsideDown";
				INFOPLIST_KEY_WKCompanionAppBundleIdentifier = com.joellacerda.Landmarks;
				INFOPLIST_KEY_WKRunsIndependentlyOfCompanionApp = YES;
				LD_RUNPATH_SEARCH_PATHS = (
					"$(inherited)",
					"@executable_path/Frameworks",
				);
				MARKETING_VERSION = 1.0;
				PRODUCT_BUNDLE_IDENTIFIER = com.joellacerda.Landmarks.watchkitapp;
				PRODUCT_NAME = "$(TARGET_NAME)";
				SDKROOT = watchos;
				SKIP_INSTALL = YES;
				SWIFT_EMIT_LOC_STRINGS = YES;
				SWIFT_VERSION = 5.0;
				TARGETED_DEVICE_FAMILY = 4;
				WATCHOS_DEPLOYMENT_TARGET = 10.5;
			};
			name = Debug;
		};
		3C678ED82C3CB0030041E1FC /* Release */ = {
			isa = XCBuildConfiguration;
			buildSettings = {
				ASSETCATALOG_COMPILER_APPICON_NAME = AppIcon;
				ASSETCATALOG_COMPILER_GLOBAL_ACCENT_COLOR_NAME = AccentColor;
				CODE_SIGN_STYLE = Automatic;
				CURRENT_PROJECT_VERSION = 1;
				DEVELOPMENT_ASSET_PATHS = "\"WatchLandmarks Watch App/Preview Content\"";
				DEVELOPMENT_TEAM = Y25NP8JU6C;
				ENABLE_PREVIEWS = YES;
				GENERATE_INFOPLIST_FILE = YES;
				INFOPLIST_KEY_CFBundleDisplayName = WatchLandmarks;
				INFOPLIST_KEY_UISupportedInterfaceOrientations = "UIInterfaceOrientationPortrait UIInterfaceOrientationPortraitUpsideDown";
				INFOPLIST_KEY_WKCompanionAppBundleIdentifier = com.joellacerda.Landmarks;
				INFOPLIST_KEY_WKRunsIndependentlyOfCompanionApp = YES;
				LD_RUNPATH_SEARCH_PATHS = (
					"$(inherited)",
					"@executable_path/Frameworks",
				);
				MARKETING_VERSION = 1.0;
				PRODUCT_BUNDLE_IDENTIFIER = com.joellacerda.Landmarks.watchkitapp;
				PRODUCT_NAME = "$(TARGET_NAME)";
				SDKROOT = watchos;
				SKIP_INSTALL = YES;
				SWIFT_EMIT_LOC_STRINGS = YES;
				SWIFT_VERSION = 5.0;
				TARGETED_DEVICE_FAMILY = 4;
				WATCHOS_DEPLOYMENT_TARGET = 10.5;
			};
			name = Release;
		};
/* End XCBuildConfiguration section */

/* Begin XCConfigurationList section */
		3C61D2552BE9420E0096C8DA /* Build configuration list for PBXProject "Landmarks" */ = {
			isa = XCConfigurationList;
			buildConfigurations = (
				3C61D2662BE942100096C8DA /* Debug */,
				3C61D2672BE942100096C8DA /* Release */,
			);
			defaultConfigurationIsVisible = 0;
			defaultConfigurationName = Release;
		};
		3C61D2682BE942100096C8DA /* Build configuration list for PBXNativeTarget "Landmarks" */ = {
			isa = XCConfigurationList;
			buildConfigurations = (
				3C61D2692BE942100096C8DA /* Debug */,
				3C61D26A2BE942100096C8DA /* Release */,
			);
			defaultConfigurationIsVisible = 0;
			defaultConfigurationName = Release;
		};
		3C6224402C487297008444BD /* Build configuration list for PBXNativeTarget "MacLandmarks" */ = {
			isa = XCConfigurationList;
			buildConfigurations = (
				3C62243E2C487297008444BD /* Debug */,
				3C62243F2C487297008444BD /* Release */,
			);
			defaultConfigurationIsVisible = 0;
			defaultConfigurationName = Release;
		};
		3C678ED62C3CB0030041E1FC /* Build configuration list for PBXNativeTarget "WatchLandmarks Watch App" */ = {
			isa = XCConfigurationList;
			buildConfigurations = (
				3C678ED72C3CB0030041E1FC /* Debug */,
				3C678ED82C3CB0030041E1FC /* Release */,
			);
			defaultConfigurationIsVisible = 0;
			defaultConfigurationName = Release;
		};
/* End XCConfigurationList section */
	};
	rootObject = 3C61D2522BE9420E0096C8DA /* Project object */;
}
